
Microsoft Visual Studio Solution File, Format Version 12.00
# Visual Studio Version 17
VisualStudioVersion = 17.6.33815.320
MinimumVisualStudioVersion = 10.0.40219.1
Project("{FAE04EC0-301F-11D3-BF4B-00C04F79EFBC}") = "Questao1", "Questao1\Questao1.csproj", "{AD156624-CE40-4EA7-A0E6-8033E14E8338}"
EndProject
Project("{FAE04EC0-301F-11D3-BF4B-00C04F79EFBC}") = "UnitTestProject1", "UnitTestProject1\UnitTestProject1.csproj", "{89161EED-FD05-4E64-AA8A-14D2DA212E79}"
EndProject
Project("{FAE04EC0-301F-11D3-BF4B-00C04F79EFBC}") = "Questao1_Library", "Questao1_Library\Questao1_Library.csproj", "{CF8D2B2D-10CD-4466-B246-28F550BFD0B3}"
EndProject
Global
	GlobalSection(SolutionConfigurationPlatforms) = preSolution
		Debug|Any CPU = Debug|Any CPU
		Release|Any CPU = Release|Any CPU
	EndGlobalSection
	GlobalSection(ProjectConfigurationPlatforms) = postSolution
		{AD156624-CE40-4EA7-A0E6-8033E14E8338}.Debug|Any CPU.ActiveCfg = Debug|Any CPU
		{AD156624-CE40-4EA7-A0E6-8033E14E8338}.Debug|Any CPU.Build.0 = Debug|Any CPU
		{AD156624-CE40-4EA7-A0E6-8033E14E8338}.Release|Any CPU.ActiveCfg = Release|Any CPU
		{AD156624-CE40-4EA7-A0E6-8033E14E8338}.Release|Any CPU.Build.0 = Release|Any CPU
		{89161EED-FD05-4E64-AA8A-14D2DA212E79}.Debug|Any CPU.ActiveCfg = Debug|Any CPU
		{89161EED-FD05-4E64-AA8A-14D2DA212E79}.Debug|Any CPU.Build.0 = Debug|Any CPU
		{89161EED-FD05-4E64-AA8A-14D2DA212E79}.Release|Any CPU.ActiveCfg = Release|Any CPU
		{89161EED-FD05-4E64-AA8A-14D2DA212E79}.Release|Any CPU.Build.0 = Release|Any CPU
		{CF8D2B2D-10CD-4466-B246-28F550BFD0B3}.Debug|Any CPU.ActiveCfg = Debug|Any CPU
		{CF8D2B2D-10CD-4466-B246-28F550BFD0B3}.Debug|Any CPU.Build.0 = Debug|Any CPU
		{CF8D2B2D-10CD-4466-B246-28F550BFD0B3}.Release|Any CPU.ActiveCfg = Release|Any CPU
		{CF8D2B2D-10CD-4466-B246-28F550BFD0B3}.Release|Any CPU.Build.0 = Release|Any CPU
	EndGlobalSection
	GlobalSection(SolutionProperties) = preSolution
		HideSolutionNode = FALSE
	EndGlobalSection
	GlobalSection(ExtensibilityGlobals) = postSolution
		SolutionGuid = {702C4562-FD65-44AA-A726-9A4E0A917DAD}
	EndGlobalSection
EndGlobal
